
Microsoft Visual Studio Solution File, Format Version 12.00
# Visual Studio Version 17
VisualStudioVersion = 17.10.35013.160
MinimumVisualStudioVersion = 10.0.40219.1
Project("{FAE04EC0-301F-11D3-BF4B-00C04F79EFBC}") = "BookRent.AuthenticationService", "BookRent.AuthenticationService\BookRent.AuthenticationService.csproj", "{044245AE-1079-4A5C-A3E9-4D8F6241B022}"
EndProject
Global
	GlobalSection(SolutionConfigurationPlatforms) = preSolution
		Debug|Any CPU = Debug|Any CPU
		Release|Any CPU = Release|Any CPU
	EndGlobalSection
	GlobalSection(ProjectConfigurationPlatforms) = postSolution
		{044245AE-1079-4A5C-A3E9-4D8F6241B022}.Debug|Any CPU.ActiveCfg = Debug|Any CPU
		{044245AE-1079-4A5C-A3E9-4D8F6241B022}.Debug|Any CPU.Build.0 = Debug|Any CPU
		{044245AE-1079-4A5C-A3E9-4D8F6241B022}.Release|Any CPU.ActiveCfg = Release|Any CPU
		{044245AE-1079-4A5C-A3E9-4D8F6241B022}.Release|Any CPU.Build.0 = Release|Any CPU
	EndGlobalSection
	GlobalSection(SolutionProperties) = preSolution
		HideSolutionNode = FALSE
	EndGlobalSection
	GlobalSection(ExtensibilityGlobals) = postSolution
		SolutionGuid = {8270E770-8151-48B6-8EE2-B332E546D3FD}
	EndGlobalSection
EndGlobal
